
Microsoft Visual Studio Solution File, Format Version 12.00
# Visual Studio Version 16
VisualStudioVersion = 16.0.28803.352
MinimumVisualStudioVersion = 10.0.40219.1
Project("{8BC9CEB8-8B4A-11D0-8D11-00A0C91BC942}") = "frontend", "osgc\Project04.vcxproj", "{C5CBAE0B-6404-4446-A93E-98F44243F277}"
	ProjectSection(ProjectDependencies) = postProject
		{E932802A-6053-40AE-A61D-065443E7C269} = {E932802A-6053-40AE-A61D-065443E7C269}
		{F610E0C3-725E-4FAB-9BF0-AB9310715B78} = {F610E0C3-725E-4FAB-9BF0-AB9310715B78}
	EndProjectSection
EndProject
Project("{8BC9CEB8-8B4A-11D0-8D11-00A0C91BC942}") = "drone_drop", "shooter\shooter.vcxproj", "{F610E0C3-725E-4FAB-9BF0-AB9310715B78}"
EndProject
Project("{8BC9CEB8-8B4A-11D0-8D11-00A0C91BC942}") = "space_racers", "space_racers\space_racers.vcxproj", "{E932802A-6053-40AE-A61D-065443E7C269}"
EndProject
Project("{8BC9CEB8-8B4A-11D0-8D11-00A0C91BC942}") = "back_to_computer", "platformer\platformer.vcxproj", "{0AD9DD92-BCAA-4B37-8D93-454BB009CBD7}"
EndProject
Project("{8BC9CEB8-8B4A-11D0-8D11-00A0C91BC942}") = "bubble_pop", "bubble_pop\bubble_pop.vcxproj", "{6DC2B774-386F-4990-B58A-D8DAD3941368}"
EndProject
Project("{8BC9CEB8-8B4A-11D0-8D11-00A0C91BC942}") = "mes", "mes\mes.vcxproj", "{C01465B7-5E7C-4BCA-8052-24E87E3C61CC}"
EndProject
Project("{8BC9CEB8-8B4A-11D0-8D11-00A0C91BC942}") = "did", "did\did.vcxproj", "{1A3BCFC1-FB2D-4405-AA54-4AC65A5BEB29}"
EndProject
Project("{8BC9CEB8-8B4A-11D0-8D11-00A0C91BC942}") = "fist", "fist\fist.vcxproj", "{B2A5D0E5-B25B-485E-B4CD-8E14799BB064}"
EndProject
Project("{8BC9CEB8-8B4A-11D0-8D11-00A0C91BC942}") = "uzem", "uzem\uzem.vcxproj", "{C2E44E72-C372-423E-ADEC-EE114FD83974}"
EndProject
Global
	GlobalSection(SolutionConfigurationPlatforms) = preSolution
		Debug|x64 = Debug|x64
		Debug|x86 = Debug|x86
		Release|x64 = Release|x64
		Release|x86 = Release|x86
		ReleaseWithDebug|x64 = ReleaseWithDebug|x64
		ReleaseWithDebug|x86 = ReleaseWithDebug|x86
		StandAlone|x64 = StandAlone|x64
		StandAlone|x86 = StandAlone|x86
	EndGlobalSection
	GlobalSection(ProjectConfigurationPlatforms) = postSolution
		{C5CBAE0B-6404-4446-A93E-98F44243F277}.Debug|x64.ActiveCfg = Debug|x64
		{C5CBAE0B-6404-4446-A93E-98F44243F277}.Debug|x64.Build.0 = Debug|x64
		{C5CBAE0B-6404-4446-A93E-98F44243F277}.Debug|x86.ActiveCfg = Debug|Win32
		{C5CBAE0B-6404-4446-A93E-98F44243F277}.Debug|x86.Build.0 = Debug|Win32
		{C5CBAE0B-6404-4446-A93E-98F44243F277}.Release|x64.ActiveCfg = Release|x64
		{C5CBAE0B-6404-4446-A93E-98F44243F277}.Release|x64.Build.0 = Release|x64
		{C5CBAE0B-6404-4446-A93E-98F44243F277}.Release|x86.ActiveCfg = Release|Win32
		{C5CBAE0B-6404-4446-A93E-98F44243F277}.Release|x86.Build.0 = Release|Win32
		{C5CBAE0B-6404-4446-A93E-98F44243F277}.ReleaseWithDebug|x64.ActiveCfg = ReleaseWithDebug|x64
		{C5CBAE0B-6404-4446-A93E-98F44243F277}.ReleaseWithDebug|x64.Build.0 = ReleaseWithDebug|x64
		{C5CBAE0B-6404-4446-A93E-98F44243F277}.ReleaseWithDebug|x86.ActiveCfg = Release|Win32
		{C5CBAE0B-6404-4446-A93E-98F44243F277}.ReleaseWithDebug|x86.Build.0 = Release|Win32
		{C5CBAE0B-6404-4446-A93E-98F44243F277}.StandAlone|x64.ActiveCfg = StandAlone|x64
		{C5CBAE0B-6404-4446-A93E-98F44243F277}.StandAlone|x86.ActiveCfg = StandAlone|Win32
		{C5CBAE0B-6404-4446-A93E-98F44243F277}.StandAlone|x86.Build.0 = StandAlone|Win32
		{F610E0C3-725E-4FAB-9BF0-AB9310715B78}.Debug|x64.ActiveCfg = Debug|x64
		{F610E0C3-725E-4FAB-9BF0-AB9310715B78}.Debug|x64.Build.0 = Debug|x64
		{F610E0C3-725E-4FAB-9BF0-AB9310715B78}.Debug|x86.ActiveCfg = Debug|Win32
		{F610E0C3-725E-4FAB-9BF0-AB9310715B78}.Debug|x86.Build.0 = Debug|Win32
		{F610E0C3-725E-4FAB-9BF0-AB9310715B78}.Release|x64.ActiveCfg = Release|x64
		{F610E0C3-725E-4FAB-9BF0-AB9310715B78}.Release|x64.Build.0 = Release|x64
		{F610E0C3-725E-4FAB-9BF0-AB9310715B78}.Release|x86.ActiveCfg = Release|Win32
		{F610E0C3-725E-4FAB-9BF0-AB9310715B78}.Release|x86.Build.0 = Release|Win32
		{F610E0C3-725E-4FAB-9BF0-AB9310715B78}.ReleaseWithDebug|x64.ActiveCfg = Release|x64
		{F610E0C3-725E-4FAB-9BF0-AB9310715B78}.ReleaseWithDebug|x86.ActiveCfg = Release|Win32
		{F610E0C3-725E-4FAB-9BF0-AB9310715B78}.ReleaseWithDebug|x86.Build.0 = Release|Win32
		{F610E0C3-725E-4FAB-9BF0-AB9310715B78}.StandAlone|x64.ActiveCfg = StandAlone|x64
		{F610E0C3-725E-4FAB-9BF0-AB9310715B78}.StandAlone|x86.ActiveCfg = StandAlone|Win32
		{F610E0C3-725E-4FAB-9BF0-AB9310715B78}.StandAlone|x86.Build.0 = StandAlone|Win32
		{E932802A-6053-40AE-A61D-065443E7C269}.Debug|x64.ActiveCfg = Debug|x64
		{E932802A-6053-40AE-A61D-065443E7C269}.Debug|x64.Build.0 = Debug|x64
		{E932802A-6053-40AE-A61D-065443E7C269}.Debug|x86.ActiveCfg = Debug|Win32
		{E932802A-6053-40AE-A61D-065443E7C269}.Debug|x86.Build.0 = Debug|Win32
		{E932802A-6053-40AE-A61D-065443E7C269}.Release|x64.ActiveCfg = Release|x64
		{E932802A-6053-40AE-A61D-065443E7C269}.Release|x64.Build.0 = Release|x64
		{E932802A-6053-40AE-A61D-065443E7C269}.Release|x86.ActiveCfg = Release|Win32
		{E932802A-6053-40AE-A61D-065443E7C269}.Release|x86.Build.0 = Release|Win32
		{E932802A-6053-40AE-A61D-065443E7C269}.ReleaseWithDebug|x64.ActiveCfg = Release|x64
		{E932802A-6053-40AE-A61D-065443E7C269}.ReleaseWithDebug|x86.ActiveCfg = Release|Win32
		{E932802A-6053-40AE-A61D-065443E7C269}.ReleaseWithDebug|x86.Build.0 = Release|Win32
		{E932802A-6053-40AE-A61D-065443E7C269}.StandAlone|x64.ActiveCfg = StandAlone|x64
		{E932802A-6053-40AE-A61D-065443E7C269}.StandAlone|x86.ActiveCfg = StandAlone|Win32
		{E932802A-6053-40AE-A61D-065443E7C269}.StandAlone|x86.Build.0 = StandAlone|Win32
		{0AD9DD92-BCAA-4B37-8D93-454BB009CBD7}.Debug|x64.ActiveCfg = Debug|x64
		{0AD9DD92-BCAA-4B37-8D93-454BB009CBD7}.Debug|x64.Build.0 = Debug|x64
		{0AD9DD92-BCAA-4B37-8D93-454BB009CBD7}.Debug|x86.ActiveCfg = Debug|Win32
		{0AD9DD92-BCAA-4B37-8D93-454BB009CBD7}.Debug|x86.Build.0 = Debug|Win32
		{0AD9DD92-BCAA-4B37-8D93-454BB009CBD7}.Release|x64.ActiveCfg = Release|x64
		{0AD9DD92-BCAA-4B37-8D93-454BB009CBD7}.Release|x64.Build.0 = Release|x64
		{0AD9DD92-BCAA-4B37-8D93-454BB009CBD7}.Release|x86.ActiveCfg = Release|Win32
		{0AD9DD92-BCAA-4B37-8D93-454BB009CBD7}.Release|x86.Build.0 = Release|Win32
		{0AD9DD92-BCAA-4B37-8D93-454BB009CBD7}.ReleaseWithDebug|x64.ActiveCfg = Release|x64
		{0AD9DD92-BCAA-4B37-8D93-454BB009CBD7}.ReleaseWithDebug|x86.ActiveCfg = Release|Win32
		{0AD9DD92-BCAA-4B37-8D93-454BB009CBD7}.ReleaseWithDebug|x86.Build.0 = Release|Win32
		{0AD9DD92-BCAA-4B37-8D93-454BB009CBD7}.StandAlone|x64.ActiveCfg = StandAlone|x64
		{0AD9DD92-BCAA-4B37-8D93-454BB009CBD7}.StandAlone|x86.ActiveCfg = StandAlone|Win32
		{0AD9DD92-BCAA-4B37-8D93-454BB009CBD7}.StandAlone|x86.Build.0 = StandAlone|Win32
		{6DC2B774-386F-4990-B58A-D8DAD3941368}.Debug|x64.ActiveCfg = Debug|x64
		{6DC2B774-386F-4990-B58A-D8DAD3941368}.Debug|x64.Build.0 = Debug|x64
		{6DC2B774-386F-4990-B58A-D8DAD3941368}.Debug|x86.ActiveCfg = Debug|Win32
		{6DC2B774-386F-4990-B58A-D8DAD3941368}.Debug|x86.Build.0 = Debug|Win32
		{6DC2B774-386F-4990-B58A-D8DAD3941368}.Release|x64.ActiveCfg = Release|x64
		{6DC2B774-386F-4990-B58A-D8DAD3941368}.Release|x64.Build.0 = Release|x64
		{6DC2B774-386F-4990-B58A-D8DAD3941368}.Release|x86.ActiveCfg = Release|Win32
		{6DC2B774-386F-4990-B58A-D8DAD3941368}.Release|x86.Build.0 = Release|Win32
		{6DC2B774-386F-4990-B58A-D8DAD3941368}.ReleaseWithDebug|x64.ActiveCfg = Release|x64
		{6DC2B774-386F-4990-B58A-D8DAD3941368}.ReleaseWithDebug|x86.ActiveCfg = Release|Win32
		{6DC2B774-386F-4990-B58A-D8DAD3941368}.ReleaseWithDebug|x86.Build.0 = Release|Win32
		{6DC2B774-386F-4990-B58A-D8DAD3941368}.StandAlone|x64.ActiveCfg = StandAlone|x64
		{6DC2B774-386F-4990-B58A-D8DAD3941368}.StandAlone|x86.ActiveCfg = StandAlone|Win32
		{6DC2B774-386F-4990-B58A-D8DAD3941368}.StandAlone|x86.Build.0 = StandAlone|Win32
		{C01465B7-5E7C-4BCA-8052-24E87E3C61CC}.Debug|x64.ActiveCfg = Debug|x64
		{C01465B7-5E7C-4BCA-8052-24E87E3C61CC}.Debug|x86.ActiveCfg = Debug|Win32
		{C01465B7-5E7C-4BCA-8052-24E87E3C61CC}.Debug|x86.Build.0 = Debug|Win32
		{C01465B7-5E7C-4BCA-8052-24E87E3C61CC}.Release|x64.ActiveCfg = Release|x64
		{C01465B7-5E7C-4BCA-8052-24E87E3C61CC}.Release|x86.ActiveCfg = Release|Win32
		{C01465B7-5E7C-4BCA-8052-24E87E3C61CC}.Release|x86.Build.0 = Release|Win32
		{C01465B7-5E7C-4BCA-8052-24E87E3C61CC}.ReleaseWithDebug|x64.ActiveCfg = Release|x64
		{C01465B7-5E7C-4BCA-8052-24E87E3C61CC}.ReleaseWithDebug|x86.ActiveCfg = Release|Win32
		{C01465B7-5E7C-4BCA-8052-24E87E3C61CC}.ReleaseWithDebug|x86.Build.0 = Release|Win32
		{C01465B7-5E7C-4BCA-8052-24E87E3C61CC}.StandAlone|x64.ActiveCfg = StandAlone|x64
		{C01465B7-5E7C-4BCA-8052-24E87E3C61CC}.StandAlone|x86.ActiveCfg = StandAlone|Win32
		{1A3BCFC1-FB2D-4405-AA54-4AC65A5BEB29}.Debug|x64.ActiveCfg = Debug|x64
		{1A3BCFC1-FB2D-4405-AA54-4AC65A5BEB29}.Debug|x86.ActiveCfg = Debug|Win32
		{1A3BCFC1-FB2D-4405-AA54-4AC65A5BEB29}.Debug|x86.Build.0 = Debug|Win32
		{1A3BCFC1-FB2D-4405-AA54-4AC65A5BEB29}.Release|x64.ActiveCfg = Release|x64
		{1A3BCFC1-FB2D-4405-AA54-4AC65A5BEB29}.Release|x64.Build.0 = Release|x64
		{1A3BCFC1-FB2D-4405-AA54-4AC65A5BEB29}.Release|x86.ActiveCfg = Release|Win32
		{1A3BCFC1-FB2D-4405-AA54-4AC65A5BEB29}.Release|x86.Build.0 = Release|Win32
		{1A3BCFC1-FB2D-4405-AA54-4AC65A5BEB29}.ReleaseWithDebug|x64.ActiveCfg = ReleaseWithDebug|x64
		{1A3BCFC1-FB2D-4405-AA54-4AC65A5BEB29}.ReleaseWithDebug|x64.Build.0 = ReleaseWithDebug|x64
		{1A3BCFC1-FB2D-4405-AA54-4AC65A5BEB29}.ReleaseWithDebug|x86.ActiveCfg = ReleaseWithDebug|Win32
		{1A3BCFC1-FB2D-4405-AA54-4AC65A5BEB29}.ReleaseWithDebug|x86.Build.0 = ReleaseWithDebug|Win32
		{1A3BCFC1-FB2D-4405-AA54-4AC65A5BEB29}.StandAlone|x64.ActiveCfg = StandAlone|x64
		{1A3BCFC1-FB2D-4405-AA54-4AC65A5BEB29}.StandAlone|x64.Build.0 = StandAlone|x64
		{1A3BCFC1-FB2D-4405-AA54-4AC65A5BEB29}.StandAlone|x86.ActiveCfg = StandAlone|Win32
		{1A3BCFC1-FB2D-4405-AA54-4AC65A5BEB29}.StandAlone|x86.Build.0 = StandAlone|Win32
		{B2A5D0E5-B25B-485E-B4CD-8E14799BB064}.Debug|x64.ActiveCfg = Debug|x64
		{B2A5D0E5-B25B-485E-B4CD-8E14799BB064}.Debug|x86.ActiveCfg = Debug|Win32
		{B2A5D0E5-B25B-485E-B4CD-8E14799BB064}.Debug|x86.Build.0 = Debug|Win32
		{B2A5D0E5-B25B-485E-B4CD-8E14799BB064}.Release|x64.ActiveCfg = Release|x64
		{B2A5D0E5-B25B-485E-B4CD-8E14799BB064}.Release|x86.ActiveCfg = Release|Win32
		{B2A5D0E5-B25B-485E-B4CD-8E14799BB064}.Release|x86.Build.0 = Release|Win32
		{B2A5D0E5-B25B-485E-B4CD-8E14799BB064}.ReleaseWithDebug|x64.ActiveCfg = Release|x64
		{B2A5D0E5-B25B-485E-B4CD-8E14799BB064}.ReleaseWithDebug|x86.ActiveCfg = Release|Win32
		{B2A5D0E5-B25B-485E-B4CD-8E14799BB064}.ReleaseWithDebug|x86.Build.0 = Release|Win32
		{B2A5D0E5-B25B-485E-B4CD-8E14799BB064}.StandAlone|x64.ActiveCfg = StandAlone|x64
		{B2A5D0E5-B25B-485E-B4CD-8E14799BB064}.StandAlone|x86.ActiveCfg = StandAlone|Win32
		{C2E44E72-C372-423E-ADEC-EE114FD83974}.Debug|x64.ActiveCfg = Debug|x64
		{C2E44E72-C372-423E-ADEC-EE114FD83974}.Debug|x86.ActiveCfg = Debug|Win32
		{C2E44E72-C372-423E-ADEC-EE114FD83974}.Debug|x86.Build.0 = Debug|Win32
		{C2E44E72-C372-423E-ADEC-EE114FD83974}.Release|x64.ActiveCfg = Release|x64
		{C2E44E72-C372-423E-ADEC-EE114FD83974}.Release|x64.Build.0 = Release|x64
		{C2E44E72-C372-423E-ADEC-EE114FD83974}.Release|x86.ActiveCfg = Release|Win32
		{C2E44E72-C372-423E-ADEC-EE114FD83974}.Release|x86.Build.0 = Release|Win32
		{C2E44E72-C372-423E-ADEC-EE114FD83974}.ReleaseWithDebug|x64.ActiveCfg = Release|x64
		{C2E44E72-C372-423E-ADEC-EE114FD83974}.ReleaseWithDebug|x64.Build.0 = Release|x64
		{C2E44E72-C372-423E-ADEC-EE114FD83974}.ReleaseWithDebug|x86.ActiveCfg = Release|Win32
		{C2E44E72-C372-423E-ADEC-EE114FD83974}.ReleaseWithDebug|x86.Build.0 = Release|Win32
		{C2E44E72-C372-423E-ADEC-EE114FD83974}.StandAlone|x64.ActiveCfg = Release|x64
		{C2E44E72-C372-423E-ADEC-EE114FD83974}.StandAlone|x86.ActiveCfg = Release|Win32
		{C2E44E72-C372-423E-ADEC-EE114FD83974}.StandAlone|x86.Build.0 = Release|Win32
	EndGlobalSection
	GlobalSection(SolutionProperties) = preSolution
		HideSolutionNode = FALSE
	EndGlobalSection
	GlobalSection(ExtensibilityGlobals) = postSolution
		SolutionGuid = {F102BF60-5197-4F80-9EB5-A1AC21B92065}
	EndGlobalSection
EndGlobal
