<?xml version="1.0" encoding="utf-8"?>
<Project ToolsVersion="4.0" xmlns="http://schemas.microsoft.com/developer/msbuild/2003">
  <ItemGroup>
    <Filter Include="Source Files">
      <UniqueIdentifier>{4FC737F1-C7A5-4376-A066-2A32D752A2FF}</UniqueIdentifier>
      <Extensions>cpp;c;cc;cxx;def;odl;idl;hpj;bat;asm;asmx</Extensions>
    </Filter>
    <Filter Include="Header Files">
      <UniqueIdentifier>{93995380-89BD-4b04-88EB-625FBE52EBFB}</UniqueIdentifier>
      <Extensions>h;hh;hpp;hxx;hm;inl;inc;ipp;xsd</Extensions>
    </Filter>
    <Filter Include="Resource Files">
      <UniqueIdentifier>{67DA6AB6-F800-4c08-8B7A-83BB121AAD01}</UniqueIdentifier>
      <Extensions>rc;ico;cur;bmp;dlg;rc2;rct;bin;rgs;gif;jpg;jpeg;jpe;resx;tiff;tif;png;wav;mfcribbon-ms</Extensions>
    </Filter>
    <Filter Include="Header Files\shaders">
      <UniqueIdentifier>{1b8321ab-061e-44c7-8ecf-1fde58ae5251}</UniqueIdentifier>
    </Filter>
    <Filter Include="Header Files\systems">
      <UniqueIdentifier>{02d6d257-2f69-44f5-ba38-c5e471777a4f}</UniqueIdentifier>
    </Filter>
    <Filter Include="Source Files\systems">
      <UniqueIdentifier>{f953e779-2671-4d50-b8f7-d373afaa2700}</UniqueIdentifier>
    </Filter>
    <Filter Include="Header Files\states">
      <UniqueIdentifier>{4f307d76-b8fb-4940-8ebf-fb5d9a99a9b9}</UniqueIdentifier>
    </Filter>
    <Filter Include="Source Files\states">
      <UniqueIdentifier>{7298dc2c-fdc5-48e0-a7fb-ad122cf921eb}</UniqueIdentifier>
    </Filter>
  </ItemGroup>
  <ItemGroup>
    <ClInclude Include="include\PluginExport.hpp">
      <Filter>Header Files</Filter>
    </ClInclude>
    <ClInclude Include="include\StateIDs.hpp">
      <Filter>Header Files</Filter>
    </ClInclude>
    <ClInclude Include="include\MapLoader.hpp">
      <Filter>Header Files</Filter>
    </ClInclude>
    <ClInclude Include="include\ResourceIDs.hpp">
      <Filter>Header Files</Filter>
    </ClInclude>
    <ClInclude Include="include\GameConsts.hpp">
      <Filter>Header Files</Filter>
    </ClInclude>
    <ClInclude Include="include\Collision.hpp">
      <Filter>Header Files</Filter>
    </ClInclude>
    <ClInclude Include="include\InputBinding.hpp">
      <Filter>Header Files</Filter>
    </ClInclude>
    <ClInclude Include="include\InputParser.hpp">
      <Filter>Header Files</Filter>
    </ClInclude>
    <ClInclude Include="include\SharedStateData.hpp">
      <Filter>Header Files</Filter>
    </ClInclude>
    <ClInclude Include="include\MessageIDs.hpp">
      <Filter>Header Files</Filter>
    </ClInclude>
    <ClInclude Include="include\NinjaDirector.hpp">
      <Filter>Header Files</Filter>
    </ClInclude>
    <ClInclude Include="include\AnimationMap.hpp">
      <Filter>Header Files</Filter>
    </ClInclude>
    <ClInclude Include="include\CommandIDs.hpp">
      <Filter>Header Files</Filter>
    </ClInclude>
    <ClInclude Include="include\NinjaStarSystem.hpp">
      <Filter>Header Files\systems</Filter>
    </ClInclude>
    <ClInclude Include="include\Player.hpp">
      <Filter>Header Files\systems</Filter>
    </ClInclude>
    <ClInclude Include="include\ShakerSystem.hpp">
      <Filter>Header Files\systems</Filter>
    </ClInclude>
    <ClInclude Include="include\MenuState.hpp">
      <Filter>Header Files\states</Filter>
    </ClInclude>
    <ClInclude Include="include\MenuConfirmState.hpp">
      <Filter>Header Files\states</Filter>
    </ClInclude>
    <ClInclude Include="include\GameState.hpp">
      <Filter>Header Files\states</Filter>
    </ClInclude>
    <ClInclude Include="include\PauseState.hpp">
      <Filter>Header Files\states</Filter>
    </ClInclude>
    <ClInclude Include="include\CameraTarget.hpp">
      <Filter>Header Files\systems</Filter>
    </ClInclude>
    <ClInclude Include="include\FluidAnimationSystem.hpp">
      <Filter>Header Files\systems</Filter>
    </ClInclude>
    <ClInclude Include="include\TransitionState.hpp">
      <Filter>Header Files\states</Filter>
    </ClInclude>
    <ClInclude Include="include\BobAnimationSystem.hpp">
      <Filter>Header Files\systems</Filter>
    </ClInclude>
    <ClInclude Include="include\EnemySystem.hpp">
      <Filter>Header Files\systems</Filter>
    </ClInclude>
    <ClInclude Include="include\ShieldAnimationSystem.hpp">
      <Filter>Header Files\systems</Filter>
    </ClInclude>
    <ClInclude Include="include\ErrorState.hpp">
      <Filter>Header Files\states</Filter>
    </ClInclude>
    <ClInclude Include="include\UIDirector.hpp">
      <Filter>Header Files</Filter>
    </ClInclude>
    <ClInclude Include="include\DialogueState.hpp">
      <Filter>Header Files\states</Filter>
    </ClInclude>
    <ClInclude Include="include\SummaryState.hpp">
      <Filter>Header Files\states</Filter>
    </ClInclude>
    <ClInclude Include="include\IntroState.hpp">
      <Filter>Header Files\states</Filter>
    </ClInclude>
  </ItemGroup>
  <ItemGroup>
    <ClCompile Include="src\EntryPoint.cpp">
      <Filter>Source Files</Filter>
    </ClCompile>
    <ClCompile Include="src\MapLoader.cpp">
      <Filter>Source Files</Filter>
    </ClCompile>
    <ClCompile Include="src\InputParser.cpp">
      <Filter>Source Files</Filter>
    </ClCompile>
    <ClCompile Include="src\Collision.cpp">
      <Filter>Source Files</Filter>
    </ClCompile>
    <ClCompile Include="src\NinjaDirector.cpp">
      <Filter>Source Files</Filter>
    </ClCompile>
    <ClCompile Include="src\PlayerSystem.cpp">
      <Filter>Source Files\systems</Filter>
    </ClCompile>
    <ClCompile Include="src\NinjaStarSystem.cpp">
      <Filter>Source Files\systems</Filter>
    </ClCompile>
    <ClCompile Include="src\ShakerSystem.cpp">
      <Filter>Source Files\systems</Filter>
    </ClCompile>
    <ClCompile Include="src\MenuState.cpp">
      <Filter>Source Files\states</Filter>
    </ClCompile>
    <ClCompile Include="src\MenuConfirmState.cpp">
      <Filter>Source Files\states</Filter>
    </ClCompile>
    <ClCompile Include="src\GameState.cpp">
      <Filter>Source Files\states</Filter>
    </ClCompile>
    <ClCompile Include="src\PauseState.cpp">
      <Filter>Source Files\states</Filter>
    </ClCompile>
    <ClCompile Include="src\CameraTargetSystem.cpp">
      <Filter>Source Files\systems</Filter>
    </ClCompile>
    <ClCompile Include="src\FluidAnimationSystem.cpp">
      <Filter>Source Files\systems</Filter>
    </ClCompile>
    <ClCompile Include="src\TransitionState.cpp">
      <Filter>Source Files\states</Filter>
    </ClCompile>
    <ClCompile Include="src\EnemySystem.cpp">
      <Filter>Source Files\systems</Filter>
    </ClCompile>
    <ClCompile Include="src\ErrorState.cpp">
      <Filter>Source Files\states</Filter>
    </ClCompile>
    <ClCompile Include="src\UIDirector.cpp">
      <Filter>Source Files</Filter>
    </ClCompile>
    <ClCompile Include="src\SharedStateData.cpp">
      <Filter>Source Files</Filter>
    </ClCompile>
    <ClCompile Include="src\DialogueState.cpp">
      <Filter>Source Files\states</Filter>
    </ClCompile>
    <ClCompile Include="src\SummaryState.cpp">
      <Filter>Source Files\states</Filter>
    </ClCompile>
    <ClCompile Include="src\IntroState.cpp">
      <Filter>Source Files\states</Filter>
    </ClCompile>
  </ItemGroup>
  <ItemGroup>
    <None Include="src\tilemap.inl">
      <Filter>Header Files\shaders</Filter>
    </None>
    <None Include="src\transition.inl">
      <Filter>Header Files\shaders</Filter>
    </None>
  </ItemGroup>
</Project>