<?xml version="1.0" encoding="utf-8"?>
<Project ToolsVersion="4.0" xmlns="http://schemas.microsoft.com/developer/msbuild/2003">
  <ItemGroup>
    <Filter Include="Source Files">
      <UniqueIdentifier>{4FC737F1-C7A5-4376-A066-2A32D752A2FF}</UniqueIdentifier>
      <Extensions>cpp;c;cc;cxx;def;odl;idl;hpj;bat;asm;asmx</Extensions>
    </Filter>
    <Filter Include="Header Files">
      <UniqueIdentifier>{93995380-89BD-4b04-88EB-625FBE52EBFB}</UniqueIdentifier>
      <Extensions>h;hh;hpp;hxx;hm;inl;inc;ipp;xsd</Extensions>
    </Filter>
    <Filter Include="Resource Files">
      <UniqueIdentifier>{67DA6AB6-F800-4c08-8B7A-83BB121AAD01}</UniqueIdentifier>
      <Extensions>rc;ico;cur;bmp;dlg;rc2;rct;bin;rgs;gif;jpg;jpeg;jpe;resx;tiff;tif;png;wav;mfcribbon-ms</Extensions>
    </Filter>
    <Filter Include="Header Files\consts">
      <UniqueIdentifier>{489bbc7f-b24f-4dc4-a7f7-d82289feda09}</UniqueIdentifier>
    </Filter>
    <Filter Include="Header Files\IDs">
      <UniqueIdentifier>{bd40021c-ac14-4ea3-a6c7-9332369961be}</UniqueIdentifier>
    </Filter>
    <Filter Include="Header Files\states">
      <UniqueIdentifier>{5abfc9ed-0ac3-47f3-ad15-46ba0e434836}</UniqueIdentifier>
    </Filter>
    <Filter Include="Header Files\util">
      <UniqueIdentifier>{adffe2c5-3ec5-4124-bf14-62200fd28536}</UniqueIdentifier>
    </Filter>
    <Filter Include="Header Files\systems">
      <UniqueIdentifier>{5f8ea0dc-50be-4b4e-912d-e01ead33aa85}</UniqueIdentifier>
    </Filter>
    <Filter Include="Source Files\states">
      <UniqueIdentifier>{8a03499d-ae9a-4510-a9f7-62dc294b9cd6}</UniqueIdentifier>
    </Filter>
    <Filter Include="Source Files\systems">
      <UniqueIdentifier>{66832e21-6046-4543-b1af-ca5caf8dcdb7}</UniqueIdentifier>
    </Filter>
  </ItemGroup>
  <ItemGroup>
    <ClInclude Include="include\PluginExport.hpp">
      <Filter>Header Files</Filter>
    </ClInclude>
    <ClInclude Include="include\InputBinding.hpp">
      <Filter>Header Files</Filter>
    </ClInclude>
    <ClInclude Include="include\InputParser.hpp">
      <Filter>Header Files</Filter>
    </ClInclude>
    <ClInclude Include="include\Server.hpp">
      <Filter>Header Files</Filter>
    </ClInclude>
    <ClInclude Include="include\ServerPackets.hpp">
      <Filter>Header Files</Filter>
    </ClInclude>
    <ClInclude Include="include\ClientPackets.hpp">
      <Filter>Header Files</Filter>
    </ClInclude>
    <ClInclude Include="include\SharedPackets.hpp">
      <Filter>Header Files</Filter>
    </ClInclude>
    <ClInclude Include="include\MapParser.hpp">
      <Filter>Header Files</Filter>
    </ClInclude>
    <ClInclude Include="include\ActorIDs.hpp">
      <Filter>Header Files\IDs</Filter>
    </ClInclude>
    <ClInclude Include="include\CommandIDs.hpp">
      <Filter>Header Files\IDs</Filter>
    </ClInclude>
    <ClInclude Include="include\MessageIDs.hpp">
      <Filter>Header Files\IDs</Filter>
    </ClInclude>
    <ClInclude Include="include\AsteroidSystem.hpp">
      <Filter>Header Files\systems</Filter>
    </ClInclude>
    <ClInclude Include="include\CameraTarget.hpp">
      <Filter>Header Files\systems</Filter>
    </ClInclude>
    <ClInclude Include="include\CollisionObject.hpp">
      <Filter>Header Files\systems</Filter>
    </ClInclude>
    <ClInclude Include="include\InterpolationSystem.hpp">
      <Filter>Header Files\systems</Filter>
    </ClInclude>
    <ClInclude Include="include\NetActor.hpp">
      <Filter>Header Files\systems</Filter>
    </ClInclude>
    <ClInclude Include="include\DebugState.hpp">
      <Filter>Header Files\states</Filter>
    </ClInclude>
    <ClInclude Include="include\ErrorState.hpp">
      <Filter>Header Files\states</Filter>
    </ClInclude>
    <ClInclude Include="include\GameConsts.hpp">
      <Filter>Header Files\consts</Filter>
    </ClInclude>
    <ClInclude Include="include\GameModes.hpp">
      <Filter>Header Files\consts</Filter>
    </ClInclude>
    <ClInclude Include="include\LobbyState.hpp">
      <Filter>Header Files\states</Filter>
    </ClInclude>
    <ClInclude Include="include\MenuConsts.hpp">
      <Filter>Header Files\consts</Filter>
    </ClInclude>
    <ClInclude Include="include\MenuState.hpp">
      <Filter>Header Files\states</Filter>
    </ClInclude>
    <ClInclude Include="include\NetConsts.hpp">
      <Filter>Header Files\consts</Filter>
    </ClInclude>
    <ClInclude Include="include\RaceState.hpp">
      <Filter>Header Files\states</Filter>
    </ClInclude>
    <ClInclude Include="include\ResourceIDs.hpp">
      <Filter>Header Files\IDs</Filter>
    </ClInclude>
    <ClInclude Include="include\ServerLobbyState.hpp">
      <Filter>Header Files\states</Filter>
    </ClInclude>
    <ClInclude Include="include\SliderSystem.hpp">
      <Filter>Header Files\systems</Filter>
    </ClInclude>
    <ClInclude Include="include\VehicleSystem.hpp">
      <Filter>Header Files\systems</Filter>
    </ClInclude>
    <ClInclude Include="include\VehicleDefs.hpp">
      <Filter>Header Files\consts</Filter>
    </ClInclude>
    <ClInclude Include="include\WayPoint.hpp">
      <Filter>Header Files\systems</Filter>
    </ClInclude>
    <ClInclude Include="include\StateIDs.hpp">
      <Filter>Header Files\IDs</Filter>
    </ClInclude>
    <ClInclude Include="include\ServerRaceState.hpp">
      <Filter>Header Files\states</Filter>
    </ClInclude>
    <ClInclude Include="include\ServerStates.hpp">
      <Filter>Header Files\IDs</Filter>
    </ClInclude>
    <ClInclude Include="include\CircularBuffer.hpp">
      <Filter>Header Files\util</Filter>
    </ClInclude>
    <ClInclude Include="include\FastTrig.hpp">
      <Filter>Header Files\util</Filter>
    </ClInclude>
    <ClInclude Include="include\ShapeUtils.hpp">
      <Filter>Header Files\util</Filter>
    </ClInclude>
  </ItemGroup>
  <ItemGroup>
    <ClCompile Include="src\EntryPoint.cpp">
      <Filter>Source Files</Filter>
    </ClCompile>
    <ClCompile Include="src\InputParser.cpp">
      <Filter>Source Files</Filter>
    </ClCompile>
    <ClCompile Include="src\Server.cpp">
      <Filter>Source Files</Filter>
    </ClCompile>
    <ClCompile Include="src\MapParser.cpp">
      <Filter>Source Files</Filter>
    </ClCompile>
    <ClCompile Include="src\ErrorState.cpp">
      <Filter>Source Files</Filter>
    </ClCompile>
    <ClCompile Include="src\DebugState.cpp">
      <Filter>Source Files\states</Filter>
    </ClCompile>
    <ClCompile Include="src\LobbyState.cpp">
      <Filter>Source Files\states</Filter>
    </ClCompile>
    <ClCompile Include="src\MenuState.cpp">
      <Filter>Source Files\states</Filter>
    </ClCompile>
    <ClCompile Include="src\RaceState.cpp">
      <Filter>Source Files\states</Filter>
    </ClCompile>
    <ClCompile Include="src\ServerLobbyState.cpp">
      <Filter>Source Files\states</Filter>
    </ClCompile>
    <ClCompile Include="src\ServerRaceState.cpp">
      <Filter>Source Files\states</Filter>
    </ClCompile>
    <ClCompile Include="src\AsteroidSystem.cpp">
      <Filter>Source Files\systems</Filter>
    </ClCompile>
    <ClCompile Include="src\CameraTargetSystem.cpp">
      <Filter>Source Files\systems</Filter>
    </ClCompile>
    <ClCompile Include="src\CollisionObject.cpp">
      <Filter>Source Files\systems</Filter>
    </ClCompile>
    <ClCompile Include="src\InterpolationSystem.cpp">
      <Filter>Source Files\systems</Filter>
    </ClCompile>
    <ClCompile Include="src\InterpolationComponent.cpp">
      <Filter>Source Files\systems</Filter>
    </ClCompile>
    <ClCompile Include="src\SliderSystem.cpp">
      <Filter>Source Files\systems</Filter>
    </ClCompile>
    <ClCompile Include="src\VehicleSystem.cpp">
      <Filter>Source Files\systems</Filter>
    </ClCompile>
  </ItemGroup>
</Project>